<?xml version="1.0" encoding="utf-8"?>
<Project ToolsVersion="4.0" xmlns="http://schemas.microsoft.com/developer/msbuild/2003">
  <ItemGroup>
    <Filter Include="Source Files">
      <UniqueIdentifier>{4FC737F1-C7A5-4376-A066-2A32D752A2FF}</UniqueIdentifier>
      <Extensions>cpp;c;cc;cxx;def;odl;idl;hpj;bat;asm;asmx</Extensions>
    </Filter>
    <Filter Include="Header Files">
      <UniqueIdentifier>{93995380-89BD-4b04-88EB-625FBE52EBFB}</UniqueIdentifier>
      <Extensions>h;hpp;hxx;hm;inl;inc;xsd</Extensions>
    </Filter>
    <Filter Include="Resource Files">
      <UniqueIdentifier>{67DA6AB6-F800-4c08-8B7A-83BB121AAD01}</UniqueIdentifier>
      <Extensions>rc;ico;cur;bmp;dlg;rc2;rct;bin;rgs;gif;jpg;jpeg;jpe;resx;tiff;tif;png;wav;mfcribbon-ms</Extensions>
    </Filter>
  </ItemGroup>
  <ItemGroup>
    <ClCompile Include="main.cpp">
      <Filter>Source Files</Filter>
    </ClCompile>
    <ClCompile Include="ButtonHelper.cpp">
      <Filter>Source Files</Filter>
    </ClCompile>
    <ClCompile Include="Button.cpp">
      <Filter>Source Files</Filter>
    </ClCompile>
    <ClCompile Include="Person.cpp">
      <Filter>Source Files</Filter>
    </ClCompile>
    <ClCompile Include="Shift.cpp">
      <Filter>Source Files</Filter>
    </ClCompile>
    <ClCompile Include="Calendar.cpp">
      <Filter>Source Files</Filter>
    </ClCompile>
    <ClCompile Include="ButtonDate.cpp">
      <Filter>Source Files</Filter>
    </ClCompile>
    <ClCompile Include="MenuShiftCreation.cpp">
      <Filter>Source Files</Filter>
    </ClCompile>
    <ClCompile Include="Colours.cpp">
      <Filter>Source Files</Filter>
    </ClCompile>
    <ClCompile Include="DisplayPerson.cpp">
      <Filter>Source Files</Filter>
    </ClCompile>
    <ClCompile Include="DisplayShift.cpp">
      <Filter>Source Files</Filter>
    </ClCompile>
    <ClCompile Include="Scroll.cpp">
      <Filter>Source Files</Filter>
    </ClCompile>
    <ClCompile Include="Algorithm_Written_As_Comments.cpp">
      <Filter>Source Files</Filter>
    </ClCompile>
    <ClCompile Include="MenuCreation.cpp">
      <Filter>Source Files</Filter>
    </ClCompile>
    <ClCompile Include="ButtonChangeState.cpp">
      <Filter>Source Files</Filter>
    </ClCompile>
    <ClCompile Include="ButtonCancel.cpp">
      <Filter>Source Files</Filter>
    </ClCompile>
    <ClCompile Include="MenuEventCreation.cpp">
      <Filter>Source Files</Filter>
    </ClCompile>
    <ClCompile Include="TextBox.cpp">
      <Filter>Source Files</Filter>
    </ClCompile>
    <ClCompile Include="MenuPersonCreation.cpp">
      <Filter>Source Files</Filter>
    </ClCompile>
    <ClCompile Include="SelectableList.cpp">
      <Filter>Source Files</Filter>
    </ClCompile>
    <ClCompile Include="Event.cpp">
      <Filter>Source Files</Filter>
    </ClCompile>
    <ClCompile Include="ButtonListSelect.cpp">
      <Filter>Source Files</Filter>
    </ClCompile>
    <ClCompile Include="Pseudo-code_Algorithm.cpp">
      <Filter>Source Files</Filter>
    </ClCompile>
    <ClCompile Include="ButtonMonthChange.cpp">
      <Filter>Source Files</Filter>
    </ClCompile>
    <ClCompile Include="IScrollable.cpp">
      <Filter>Source Files</Filter>
    </ClCompile>
    <ClCompile Include="SidePanel.cpp">
      <Filter>Source Files</Filter>
    </ClCompile>
    <ClCompile Include="MenuEditing.cpp">
      <Filter>Source Files</Filter>
    </ClCompile>
    <ClCompile Include="LoopInt.cpp">
      <Filter>Source Files</Filter>
    </ClCompile>
    <ClCompile Include="ButtonScroll.cpp">
      <Filter>Source Files</Filter>
    </ClCompile>
    <ClCompile Include="ButtonSave.cpp">
      <Filter>Source Files</Filter>
    </ClCompile>
    <ClCompile Include="MenuError.cpp">
      <Filter>Source Files</Filter>
    </ClCompile>
  </ItemGroup>
  <ItemGroup>
    <ClInclude Include="ButtonHelper.h">
      <Filter>Header Files</Filter>
    </ClInclude>
    <ClInclude Include="Button.h">
      <Filter>Header Files</Filter>
    </ClInclude>
    <ClInclude Include="Person.h">
      <Filter>Header Files</Filter>
    </ClInclude>
    <ClInclude Include="Shift.h">
      <Filter>Header Files</Filter>
    </ClInclude>
    <ClInclude Include="Calendar.h">
      <Filter>Header Files</Filter>
    </ClInclude>
    <ClInclude Include="ButtonDate.h">
      <Filter>Header Files</Filter>
    </ClInclude>
    <ClInclude Include="MenuShiftCreation.h">
      <Filter>Header Files</Filter>
    </ClInclude>
    <ClInclude Include="Colours.h">
      <Filter>Header Files</Filter>
    </ClInclude>
    <ClInclude Include="DisplayPerson.h">
      <Filter>Header Files</Filter>
    </ClInclude>
    <ClInclude Include="DisplayShift.h">
      <Filter>Header Files</Filter>
    </ClInclude>
    <ClInclude Include="Scroll.h">
      <Filter>Header Files</Filter>
    </ClInclude>
    <ClInclude Include="PrgmState.h">
      <Filter>Header Files</Filter>
    </ClInclude>
    <ClInclude Include="MenuCreation.h">
      <Filter>Header Files</Filter>
    </ClInclude>
    <ClInclude Include="ButtonChangeState.h">
      <Filter>Header Files</Filter>
    </ClInclude>
    <ClInclude Include="ButtonCancel.h">
      <Filter>Header Files</Filter>
    </ClInclude>
    <ClInclude Include="MenuEventCreation.h">
      <Filter>Header Files</Filter>
    </ClInclude>
    <ClInclude Include="TextBox.h">
      <Filter>Header Files</Filter>
    </ClInclude>
    <ClInclude Include="MenuPersonCreation.h">
      <Filter>Header Files</Filter>
    </ClInclude>
    <ClInclude Include="SelectableList.h">
      <Filter>Header Files</Filter>
    </ClInclude>
    <ClInclude Include="Event.h">
      <Filter>Header Files</Filter>
    </ClInclude>
    <ClInclude Include="ButtonListSelect.h">
      <Filter>Header Files</Filter>
    </ClInclude>
    <ClInclude Include="ButtonMonthChange.h">
      <Filter>Header Files</Filter>
    </ClInclude>
    <ClInclude Include="IScrollable.h">
      <Filter>Header Files</Filter>
    </ClInclude>
    <ClInclude Include="SidePanel.h">
      <Filter>Header Files</Filter>
    </ClInclude>
    <ClInclude Include="MenuEditing.h">
      <Filter>Header Files</Filter>
    </ClInclude>
    <ClInclude Include="LoopInt.h">
      <Filter>Header Files</Filter>
    </ClInclude>
    <ClInclude Include="ButtonScroll.h">
      <Filter>Header Files</Filter>
    </ClInclude>
    <ClInclude Include="ButtonSave.h">
      <Filter>Header Files</Filter>
    </ClInclude>
    <ClInclude Include="MenuError.h">
      <Filter>Header Files</Filter>
    </ClInclude>
  </ItemGroup>
</Project>